
Microsoft Visual Studio Solution File, Format Version 12.00
# Visual Studio Version 17
VisualStudioVersion = 17.1.32414.318
MinimumVisualStudioVersion = 10.0.40219.1
Project("{FAE04EC0-301F-11D3-BF4B-00C04F79EFBC}") = "BlockBreaker", "BlockBreaker\BlockBreaker.csproj", "{16FB1AA1-BD5F-4D97-9979-C35BD851577E}"
EndProject
Global
	GlobalSection(SolutionConfigurationPlatforms) = preSolution
		Debug|Any CPU = Debug|Any CPU
		Release|Any CPU = Release|Any CPU
	EndGlobalSection
	GlobalSection(ProjectConfigurationPlatforms) = postSolution
		{16FB1AA1-BD5F-4D97-9979-C35BD851577E}.Debug|Any CPU.ActiveCfg = Debug|Any CPU
		{16FB1AA1-BD5F-4D97-9979-C35BD851577E}.Debug|Any CPU.Build.0 = Debug|Any CPU
		{16FB1AA1-BD5F-4D97-9979-C35BD851577E}.Release|Any CPU.ActiveCfg = Release|Any CPU
		{16FB1AA1-BD5F-4D97-9979-C35BD851577E}.Release|Any CPU.Build.0 = Release|Any CPU
	EndGlobalSection
	GlobalSection(SolutionProperties) = preSolution
		HideSolutionNode = FALSE
	EndGlobalSection
	GlobalSection(ExtensibilityGlobals) = postSolution
		SolutionGuid = {92D55C4E-E3CD-4B10-BFAB-C24DAF7F6342}
	EndGlobalSection
EndGlobal
